
Microsoft Visual Studio Solution File, Format Version 12.00
# Visual Studio Version 16
VisualStudioVersion = 16.0.31702.278
MinimumVisualStudioVersion = 10.0.40219.1
Project("{FAE04EC0-301F-11D3-BF4B-00C04F79EFBC}") = "Braces", "Braces\Braces.csproj", "{FC483286-E231-479E-8F1C-6C8DCA0277A4}"
EndProject
Global
	GlobalSection(SolutionConfigurationPlatforms) = preSolution
		Debug|Any CPU = Debug|Any CPU
		Release|Any CPU = Release|Any CPU
	EndGlobalSection
	GlobalSection(ProjectConfigurationPlatforms) = postSolution
		{FC483286-E231-479E-8F1C-6C8DCA0277A4}.Debug|Any CPU.ActiveCfg = Debug|Any CPU
		{FC483286-E231-479E-8F1C-6C8DCA0277A4}.Debug|Any CPU.Build.0 = Debug|Any CPU
		{FC483286-E231-479E-8F1C-6C8DCA0277A4}.Release|Any CPU.ActiveCfg = Release|Any CPU
		{FC483286-E231-479E-8F1C-6C8DCA0277A4}.Release|Any CPU.Build.0 = Release|Any CPU
	EndGlobalSection
	GlobalSection(SolutionProperties) = preSolution
		HideSolutionNode = FALSE
	EndGlobalSection
	GlobalSection(ExtensibilityGlobals) = postSolution
		SolutionGuid = {EAB45676-12C3-4EBD-9253-D85BD994B420}
	EndGlobalSection
EndGlobal
